
Microsoft Visual Studio Solution File, Format Version 11.00
# Visual Studio 2010
Project("{FAE04EC0-301F-11D3-BF4B-00C04F79EFBC}") = "PluginsAspxSample3.5", "PluginsAspxSample3.5.csproj", "{0F45DF0B-B6D1-4575-B9A9-551359B9F354}"
EndProject
Global
	GlobalSection(SolutionConfigurationPlatforms) = preSolution
		Debug|Any CPU = Debug|Any CPU
		Release|Any CPU = Release|Any CPU
	EndGlobalSection
	GlobalSection(ProjectConfigurationPlatforms) = postSolution
		{0F45DF0B-B6D1-4575-B9A9-551359B9F354}.Debug|Any CPU.ActiveCfg = Debug|Any CPU
		{0F45DF0B-B6D1-4575-B9A9-551359B9F354}.Debug|Any CPU.Build.0 = Debug|Any CPU
		{0F45DF0B-B6D1-4575-B9A9-551359B9F354}.Release|Any CPU.ActiveCfg = Release|Any CPU
		{0F45DF0B-B6D1-4575-B9A9-551359B9F354}.Release|Any CPU.Build.0 = Release|Any CPU
	EndGlobalSection
	GlobalSection(SolutionProperties) = preSolution
		HideSolutionNode = FALSE
	EndGlobalSection
EndGlobal
